
Microsoft Visual Studio Solution File, Format Version 12.00
# Visual Studio 15
VisualStudioVersion = 15.0.26124.0
MinimumVisualStudioVersion = 15.0.26124.0
Project("{2150E333-8FDC-42A3-9474-1A3956D46DE8}") = "src", "src", "{C98EB961-7E89-460E-85E9-362A3F4AB3DE}"
EndProject
Project("{F2A71F9B-5D33-465A-A702-920D77279786}") = "NetCore.Versions", "src\NetCore.Versions\NetCore.Versions.fsproj", "{699019E8-F713-4549-81E8-94FBD3B42E44}"
EndProject
Project("{F2A71F9B-5D33-465A-A702-920D77279786}") = "NetCore.Versions.Checks", "src\NetCore.Versions.Checks\NetCore.Versions.Checks.fsproj", "{933F3A6E-F797-4874-A019-F894A6DEF521}"
EndProject
Project("{F2A71F9B-5D33-465A-A702-920D77279786}") = "NetCore.Versions.Checks.Cli", "src\NetCore.Versions.Checks.Cli\NetCore.Versions.Checks.Cli.fsproj", "{817D1AB1-D61D-451B-BF14-623620050E7D}"
EndProject
Project("{F2A71F9B-5D33-465A-A702-920D77279786}") = "Build", "Build.fsproj", "{800524DD-79E9-4BBD-BE0F-B7EC6A943120}"
EndProject
Global
	GlobalSection(SolutionConfigurationPlatforms) = preSolution
		Debug|Any CPU = Debug|Any CPU
		Debug|x64 = Debug|x64
		Debug|x86 = Debug|x86
		Release|Any CPU = Release|Any CPU
		Release|x64 = Release|x64
		Release|x86 = Release|x86
	EndGlobalSection
	GlobalSection(SolutionProperties) = preSolution
		HideSolutionNode = FALSE
	EndGlobalSection
	GlobalSection(ProjectConfigurationPlatforms) = postSolution
		{699019E8-F713-4549-81E8-94FBD3B42E44}.Debug|Any CPU.ActiveCfg = Debug|Any CPU
		{699019E8-F713-4549-81E8-94FBD3B42E44}.Debug|Any CPU.Build.0 = Debug|Any CPU
		{699019E8-F713-4549-81E8-94FBD3B42E44}.Debug|x64.ActiveCfg = Debug|Any CPU
		{699019E8-F713-4549-81E8-94FBD3B42E44}.Debug|x64.Build.0 = Debug|Any CPU
		{699019E8-F713-4549-81E8-94FBD3B42E44}.Debug|x86.ActiveCfg = Debug|Any CPU
		{699019E8-F713-4549-81E8-94FBD3B42E44}.Debug|x86.Build.0 = Debug|Any CPU
		{699019E8-F713-4549-81E8-94FBD3B42E44}.Release|Any CPU.ActiveCfg = Release|Any CPU
		{699019E8-F713-4549-81E8-94FBD3B42E44}.Release|Any CPU.Build.0 = Release|Any CPU
		{699019E8-F713-4549-81E8-94FBD3B42E44}.Release|x64.ActiveCfg = Release|Any CPU
		{699019E8-F713-4549-81E8-94FBD3B42E44}.Release|x64.Build.0 = Release|Any CPU
		{699019E8-F713-4549-81E8-94FBD3B42E44}.Release|x86.ActiveCfg = Release|Any CPU
		{699019E8-F713-4549-81E8-94FBD3B42E44}.Release|x86.Build.0 = Release|Any CPU
		{933F3A6E-F797-4874-A019-F894A6DEF521}.Debug|Any CPU.ActiveCfg = Debug|Any CPU
		{933F3A6E-F797-4874-A019-F894A6DEF521}.Debug|Any CPU.Build.0 = Debug|Any CPU
		{933F3A6E-F797-4874-A019-F894A6DEF521}.Debug|x64.ActiveCfg = Debug|Any CPU
		{933F3A6E-F797-4874-A019-F894A6DEF521}.Debug|x64.Build.0 = Debug|Any CPU
		{933F3A6E-F797-4874-A019-F894A6DEF521}.Debug|x86.ActiveCfg = Debug|Any CPU
		{933F3A6E-F797-4874-A019-F894A6DEF521}.Debug|x86.Build.0 = Debug|Any CPU
		{933F3A6E-F797-4874-A019-F894A6DEF521}.Release|Any CPU.ActiveCfg = Release|Any CPU
		{933F3A6E-F797-4874-A019-F894A6DEF521}.Release|Any CPU.Build.0 = Release|Any CPU
		{933F3A6E-F797-4874-A019-F894A6DEF521}.Release|x64.ActiveCfg = Release|Any CPU
		{933F3A6E-F797-4874-A019-F894A6DEF521}.Release|x64.Build.0 = Release|Any CPU
		{933F3A6E-F797-4874-A019-F894A6DEF521}.Release|x86.ActiveCfg = Release|Any CPU
		{933F3A6E-F797-4874-A019-F894A6DEF521}.Release|x86.Build.0 = Release|Any CPU
		{817D1AB1-D61D-451B-BF14-623620050E7D}.Debug|Any CPU.ActiveCfg = Debug|Any CPU
		{817D1AB1-D61D-451B-BF14-623620050E7D}.Debug|Any CPU.Build.0 = Debug|Any CPU
		{817D1AB1-D61D-451B-BF14-623620050E7D}.Debug|x64.ActiveCfg = Debug|Any CPU
		{817D1AB1-D61D-451B-BF14-623620050E7D}.Debug|x64.Build.0 = Debug|Any CPU
		{817D1AB1-D61D-451B-BF14-623620050E7D}.Debug|x86.ActiveCfg = Debug|Any CPU
		{817D1AB1-D61D-451B-BF14-623620050E7D}.Debug|x86.Build.0 = Debug|Any CPU
		{817D1AB1-D61D-451B-BF14-623620050E7D}.Release|Any CPU.ActiveCfg = Release|Any CPU
		{817D1AB1-D61D-451B-BF14-623620050E7D}.Release|Any CPU.Build.0 = Release|Any CPU
		{817D1AB1-D61D-451B-BF14-623620050E7D}.Release|x64.ActiveCfg = Release|Any CPU
		{817D1AB1-D61D-451B-BF14-623620050E7D}.Release|x64.Build.0 = Release|Any CPU
		{817D1AB1-D61D-451B-BF14-623620050E7D}.Release|x86.ActiveCfg = Release|Any CPU
		{817D1AB1-D61D-451B-BF14-623620050E7D}.Release|x86.Build.0 = Release|Any CPU
		{800524DD-79E9-4BBD-BE0F-B7EC6A943120}.Debug|Any CPU.ActiveCfg = Debug|Any CPU
		{800524DD-79E9-4BBD-BE0F-B7EC6A943120}.Debug|Any CPU.Build.0 = Debug|Any CPU
		{800524DD-79E9-4BBD-BE0F-B7EC6A943120}.Debug|x64.ActiveCfg = Debug|Any CPU
		{800524DD-79E9-4BBD-BE0F-B7EC6A943120}.Debug|x64.Build.0 = Debug|Any CPU
		{800524DD-79E9-4BBD-BE0F-B7EC6A943120}.Debug|x86.ActiveCfg = Debug|Any CPU
		{800524DD-79E9-4BBD-BE0F-B7EC6A943120}.Debug|x86.Build.0 = Debug|Any CPU
		{800524DD-79E9-4BBD-BE0F-B7EC6A943120}.Release|Any CPU.ActiveCfg = Release|Any CPU
		{800524DD-79E9-4BBD-BE0F-B7EC6A943120}.Release|Any CPU.Build.0 = Release|Any CPU
		{800524DD-79E9-4BBD-BE0F-B7EC6A943120}.Release|x64.ActiveCfg = Release|Any CPU
		{800524DD-79E9-4BBD-BE0F-B7EC6A943120}.Release|x64.Build.0 = Release|Any CPU
		{800524DD-79E9-4BBD-BE0F-B7EC6A943120}.Release|x86.ActiveCfg = Release|Any CPU
		{800524DD-79E9-4BBD-BE0F-B7EC6A943120}.Release|x86.Build.0 = Release|Any CPU
	EndGlobalSection
	GlobalSection(NestedProjects) = preSolution
		{699019E8-F713-4549-81E8-94FBD3B42E44} = {C98EB961-7E89-460E-85E9-362A3F4AB3DE}
		{933F3A6E-F797-4874-A019-F894A6DEF521} = {C98EB961-7E89-460E-85E9-362A3F4AB3DE}
		{817D1AB1-D61D-451B-BF14-623620050E7D} = {C98EB961-7E89-460E-85E9-362A3F4AB3DE}
	EndGlobalSection
EndGlobal
